{
    "_meta": {
        "hash": {
            "sha256": "c8a6faac941d939ef3326a8777bcbeebdd19713d6c1a64bc70fe6468429e1841"
        },
        "pipfile-spec": 6,
        "requires": {
            "python_version": "3.7"
        },
        "sources": [
            {
                "name": "pypi",
                "url": "https://pypi.org/simple",
                "verify_ssl": true
            }
        ]
    },
    "default": {
        "autopep8": {
            "hashes": [
                "sha256:33d2b5325b7e1afb4240814fe982eea3a92ebea712869bfd08b3c0393404248c"
            ],
            "index": "pypi",
            "version": "==1.4.3"
        },
        "certifi": {
            "hashes": [
                "sha256:59b7658e26ca9c7339e00f8f4636cdfe59d34fa37b9b04f6f9e9926b3cece1a5",
                "sha256:b26104d6835d1f5e49452a26eb2ff87fe7090b89dfcaee5ea2212697e1e1d7ae"
            ],
            "index": "pypi",
            "version": "==2019.3.9"
        },
        "chardet": {
            "hashes": [
                "sha256:84ab92ed1c4d4f16916e05906b6b75a6c0fb5db821cc65e70cbd64a3e2a5eaae",
                "sha256:fc323ffcaeaed0e0a02bf4d117757b98aed530d9ed4531e3e15460124c106691"
            ],
            "index": "pypi",
            "version": "==3.0.4"
        },
        "cython": {
            "hashes": [
                "sha256:050b082accb95c0a3a6a9dd1ec6fb0bea5321f5b894c8fd0dc6c3abebb68822b",
                "sha256:22e2b55baaa2c7d5aee0376fd1cca39a6036598b9423d8ecd44c514fde1952c3",
                "sha256:2be438190b1acce073f3aa4220fdbefb7fc910204dc0a82ef725802195e58dfb",
                "sha256:2da461af4845cf858f6ef366e74093917cce731f70e95e03b24e9c8e66d62e6d",
                "sha256:46e9d20bd1a7431ac58f95d0b8e5ec14d33363b49bfa1a6245621037fb5bbd49",
                "sha256:50a735fccd946217d1dd06a06ac16a582a1a1169c16588e234284b12d7d08d3f",
                "sha256:63ddf6ea98dff4dc1d3567412015dbc21dbb728323b2f93ba7bc5994db28bbe2",
                "sha256:6976bc08d6a6d1ea53564df6d9ab0bf1fa3e073556e2520931dffa5c3d68b5c3",
                "sha256:6c5d33f1b5c864382fbce810a8fd9e015447869ae42e98e6301e977b8165e7ae",
                "sha256:6db2fa279e235a9feef96833eb34be2a807add214a253e5e92e99b4b0e6659c2",
                "sha256:71e44d9a85dbba538e5c2d0eb8b09b2233b0938010345d5e5bae428b429e6c47",
                "sha256:750d9bb4aad23ddd61061d7a4e271bb39df1886c90861faf0b21c9219fd1c2c3",
                "sha256:7a262e2e2807e05cacef76c1333bb5b5f46d882d1a6eca1a38c65a0c29df2a64",
                "sha256:7f65d40728c6170f7f5a8a9329ba65568069b08581d899c44efb80c7d751524a",
                "sha256:8002f39d504120ff0125783dd00464806c6d77519c63f7899c1781d68d7a7887",
                "sha256:8cdf96a9ae2201a6423252dfe7a0d7121fdd451f9c81abd276d7112ad563f9fb",
                "sha256:a3ea96c1fb1f80b3216f6300067dba85a6c03e4070ef8c4a1a150618d358c265",
                "sha256:a8689c538ac7c3162df90f2b141aa9a210798485b8f6f72a31dedab60d3d06f7",
                "sha256:aee85f89c22d3d88e958050834c9d16ec6ce9c9b1ce6042ae6e7a2125c2dc3a9",
                "sha256:b05ad60e8b8750d3ce254ca3bd45bc222b8c9b7671affbda9bec36a36a24a484",
                "sha256:b1ef8bd48a3ff6743c2facb09b666ffa78414cc12f971a21b6f977ffd1968d26",
                "sha256:b890e55e7557d1a8a4e4defe082fdbabf241ac4a0fb38608e6ae50644dcc7d76",
                "sha256:bddf0db28eca8e650ec120e9d8724646b811c517eae9aa688253abc757547881",
                "sha256:be43609c12c85d2e3fefa4c0f7b6197431fdf7ea804e11a419709dc7df46d9ea",
                "sha256:be69dc0c85cfc78e808fb22753ab2a99bdbd124702b21141a77da50f2fdae00e",
                "sha256:d404cfa5e8595e8c0f81ff19d06a0dcfefcd9a3c8e2bf973985a6cc48731879b",
                "sha256:df0696840e4da454475b83bbe0f8f4f8d90b75e68bfff7bfbe5b97cecc50a1df",
                "sha256:f7cb71cafe05980404704045110f45c09143ed41dabadb91061c063dd543b924"
            ],
            "index": "pypi",
            "version": "==0.29.6"
        },
        "docutils": {
            "hashes": [
                "sha256:02aec4bd92ab067f6ff27a38a38a41173bf01bed8f89157768c1573f53e474a6",
                "sha256:51e64ef2ebfb29cae1faa133b3710143496eca21c530f3f71424d77687764274",
                "sha256:7a4bd47eaf6596e1295ecb11361139febe29b084a87bf005bf899f9a42edc3c6"
            ],
            "index": "pypi",
            "version": "==0.14"
        },
        "idna": {
            "hashes": [
                "sha256:c357b3f628cf53ae2c4c05627ecc484553142ca23264e593d327bcde5e9c3407",
                "sha256:ea8b7f6188e6fa117537c3df7da9fc686d485087abf6ac197f9c46432f7e4a3c"
            ],
            "index": "pypi",
            "version": "==2.8"
        },
        "kivy": {
            "hashes": [
                "sha256:05985f3e16065a476293695cef39f0b8faa81353475692b8c60ca2530ba08175",
                "sha256:44a64f72182dd40aceef2041259359513dafeeecc0891d2d23056799d51babb0",
                "sha256:48a0d3edf8fbc9206ebb7abae8d7e2017c5d5f81cf6e76c2e5510193d607420e",
                "sha256:6bbeccc9c52a264fb53b7aaa344d865f054da09cc08e15b482754c2d4e3a5cfd",
                "sha256:7131a24e30b80f9b7b6e7a1c124f0b5002ef58de35856aff38762b216a4e77fb",
                "sha256:77cd45a1aee9061c7474020def1b7b31eb4665e5424c45c23a6a7e4f5afee6b9",
                "sha256:7ce9e88b75de47a3f1d52cbe6924c18cafc83fa102e54f6794d241746e93fdff",
                "sha256:8f912c0742c7f9582676106ae5a526c3f38bc01a196edd26186c74975b08fad0",
                "sha256:952d7483b4f29ebeabb612897cdfdcdd12c33f1bdb51fb0082d36dfcf543ec0b",
                "sha256:b0ec00fd3a6dbe56c31510151e8bb14f54390dbc31c5047d61aa90d069c5ec04",
                "sha256:c4ad43fb04c899be27baa5a6e382c79620fc3602213221cb97da2280f345b2d6",
                "sha256:cb6f052d69748a7db70970e5a8ee3d96506751fcfcc8bf979424fcd788473037",
                "sha256:d1113ee88eaff5127ecc05121570f1f2adec21d7f1699ef1c6c2bf4396e51578"
            ],
            "index": "pypi",
            "version": "==1.10.1"
        },
        "kivy-garden": {
            "hashes": [
                "sha256:c256f42788421273a08fbb0a228f0fb0e80dd86b629fb8c0920507f645be6c72"
            ],
            "index": "pypi",
            "version": "==0.1.4"
        },
        "pycodestyle": {
            "hashes": [
                "sha256:95a2219d12372f05704562a14ec30bc76b05a5b297b21a5dfe3f6fac3491ae56",
                "sha256:e40a936c9a450ad81df37f549d676d127b1b66000a6c500caa2b085bc0ca976c"
            ],
            "index": "pypi",
            "version": "==2.5.0"
        },
        "pygame": {
            "hashes": [
                "sha256:0043bee7ebe5f1afc188db1c34fae57559ce6555939195b6a42fbdc1950c1b3c",
                "sha256:0d5893bab526ce73d8bda22e0c43f24c2cfddeae489d0eca576199975ecb2246",
                "sha256:28dda1b4038cbb710ee8ffa4df8234f8579b6b965a1f8a2434e8dea4914b139c",
                "sha256:3baa3aa5d90eda8d54f56caff1a1c80258ebfa328241b5da92ba3fc993a86bdd",
                "sha256:42c9bf49926826fac26827b87d278408998eb4638bdd5d64c14fdeb28ee3ebcc",
                "sha256:4b3c01b2974de23873da78daad28d1a5d57c149b5009ae3631e220b9999b9b35",
                "sha256:4b4f687d5772b0373fd976a0f013059cba3819f699837b82540d51315b9b6d46",
                "sha256:6a50a4296a6969d80173ec7d414cd09718cdc3f7a69bd41514369b3a3a742c0f",
                "sha256:7c8c8e2b837f95a4b284d9baae695b05f9f24e1ab9ebc1ea0a3088c1c6dcf30c",
                "sha256:8f64c2668cc14d376ea095819136e6b825e3b7080370fe0abf2a77e8a99e6d56",
                "sha256:9ba33f4fedb4c6d9cdd2d32b6dfc5e58edebb692371205af6054dc5f6ca5abdd",
                "sha256:a119b1bd7cb37d804aa7293cb835e14e2649ecd58768fd2dcbfd2da294d7d60b",
                "sha256:a43609c9637ab66c10bef66d76435211d44a0d03f6519121f79c7ab1734a4d03",
                "sha256:b16231466cddc9c55b9d6e006f1c6b5be2ef2dbe5b6516531513d5f427f88dd1",
                "sha256:b2161c86003d264f94249c064395d984cb3eb86974be8b3ebebcdd56ee633352",
                "sha256:b62afb88435d2aa80a47b372f99ad74750c81d924abf3bf44a900991ce02bf0a",
                "sha256:cd7fcdc4a8ec7110866580e84945d550c7652c105838a155fac3252a02580480",
                "sha256:d01c43550ef837a68bb3141e72d89ebaf9bcdc005158f265c348b5dbce81d308",
                "sha256:d15e7238015095a12c19379565a66285e989fdcb3807ec360b27338cd8bdaf05",
                "sha256:d560fd5efd6b887a2f7eb30f61e383a7edbe8a1afe5d5fb7b857315372de359f",
                "sha256:ef17614d4411a4eadea941245ae3112dbd134c97b0d29bfc86948961818057ec",
                "sha256:f0eee24dcb8d58d95eb47d946d18354f9720e4dfb0c4b1c59fffcec3ddaf0ebe",
                "sha256:f7bfaf75e35f6d1093cf05f161667fae0d158cd3cc13c9e8c97d0c4b2a12e397",
                "sha256:fc8bda436482458412d01e595e7a88dd777416d422ff1e45b9a6d96287806255"
            ],
            "index": "pypi",
            "version": "==1.9.5"
        },
        "pygments": {
            "hashes": [
                "sha256:5ffada19f6203563680669ee7f53b64dabbeb100eb51b61996085e99c03b284a",
                "sha256:e8218dd399a61674745138520d0d4cf2621d7e032439341bc3f647bff125818d"
            ],
            "index": "pypi",
            "version": "==2.3.1"
        },
        "requests": {
            "hashes": [
                "sha256:502a824f31acdacb3a35b6690b5fbf0bc41d63a24a45c4004352b0242707598e",
                "sha256:7bf2a778576d825600030a110f3c0e3e8edc51dfaafe1c146e39a2027784957b"
            ],
            "index": "pypi",
            "version": "==2.21.0"
        },
        "urllib3": {
            "hashes": [
                "sha256:61bf29cada3fc2fbefad4fdf059ea4bd1b4a86d2b6d15e1c7c0b582b9752fe39",
                "sha256:de9529817c93f27c8ccbfead6985011db27bd0ddfcdb2d86f3f663385c6a9c22"
            ],
            "index": "pypi",
            "version": "==1.24.1"
        }
    },
    "develop": {
        "autopep8": {
            "hashes": [
                "sha256:33d2b5325b7e1afb4240814fe982eea3a92ebea712869bfd08b3c0393404248c"
            ],
            "index": "pypi",
            "version": "==1.4.3"
        },
        "pycodestyle": {
            "hashes": [
                "sha256:95a2219d12372f05704562a14ec30bc76b05a5b297b21a5dfe3f6fac3491ae56",
                "sha256:e40a936c9a450ad81df37f549d676d127b1b66000a6c500caa2b085bc0ca976c"
            ],
            "index": "pypi",
            "version": "==2.5.0"
        }
    }
}
